PODS:
  - FutureSwift (1.2.0)
  - Nimble (6.0.1)
  - Quick (1.1.0)

DEPENDENCIES:
  - FutureSwift (from `../`)
  - Nimble
  - Quick (~> 1.1.0)

EXTERNAL SOURCES:
  FutureSwift:
    :path: "../"

SPEC CHECKSUMS:
  FutureSwift: c5b984fa43edcd28819d89832145a92c5a5b203d
  Nimble: 1527fd1bd2b4cf0636251a36bc8ab37e81da8347
  Quick: dafc587e21eed9f4cab3249b9f9015b0b7a7f71d

PODFILE CHECKSUM: 9b2858bc655ddbfece6eae26e48c43c857770d77

COCOAPODS: 1.1.1
